// !$*UTF8*$!
{
	archiveVersion = 1;
	classes = {
	};
	objectVersion = 51;
	objects = {

/* Begin PBXBuildFile section */
		210A63BF24FD5B290075A297 /* PortfolioListViewController.swift in Sources */ = {isa = PBXBuildFile; fileRef = 210A63BE24FD5B290075A297 /* PortfolioListViewController.swift */; };
		210A63C224FD62650075A297 /* FolderCell.swift in Sources */ = {isa = PBXBuildFile; fileRef = 210A63C024FD62650075A297 /* FolderCell.swift */; };
		210A63C324FD62650075A297 /* FolderCell.xib in Resources */ = {isa = PBXBuildFile; fileRef = 210A63C124FD62650075A297 /* FolderCell.xib */; };
		210A63C524FD813D0075A297 /* PopUpViewController.swift in Sources */ = {isa = PBXBuildFile; fileRef = 210A63C424FD813D0075A297 /* PopUpViewController.swift */; };
		21251E2024FD0353002E0217 /* StockInfo.swift in Sources */ = {isa = PBXBuildFile; fileRef = 21251E1F24FD0353002E0217 /* StockInfo.swift */; };
		21251E2624FD405B002E0217 /* HeaderView.swift in Sources */ = {isa = PBXBuildFile; fileRef = 21251E2524FD405B002E0217 /* HeaderView.swift */; };
		21251E2824FD4066002E0217 /* HeaderView.xib in Resources */ = {isa = PBXBuildFile; fileRef = 21251E2724FD4066002E0217 /* HeaderView.xib */; };
		2132C5BD24FBB91500A208A1 /* AddPortfolioViewController.swift in Sources */ = {isa = PBXBuildFile; fileRef = 2132C5BC24FBB91500A208A1 /* AddPortfolioViewController.swift */; };
		2132C5C124FC0E2F00A208A1 /* String+extension.swift in Sources */ = {isa = PBXBuildFile; fileRef = 2132C5C024FC0E2F00A208A1 /* String+extension.swift */; };
		213C59FB2504C5DE00F03B55 /* BulletString.swift in Sources */ = {isa = PBXBuildFile; fileRef = 213C59FA2504C5DD00F03B55 /* BulletString.swift */; };
		219F40F624FFA1FB009BF2B1 /* WebKit.framework in Frameworks */ = {isa = PBXBuildFile; fileRef = 2132C5BE24FC010400A208A1 /* WebKit.framework */; };
		21D3D4B424F7B4E8005E7A85 /* AppDelegate.swift in Sources */ = {isa = PBXBuildFile; fileRef = 21D3D4B324F7B4E8005E7A85 /* AppDelegate.swift */; };
		21D3D4B624F7B4E8005E7A85 /* SceneDelegate.swift in Sources */ = {isa = PBXBuildFile; fileRef = 21D3D4B524F7B4E8005E7A85 /* SceneDelegate.swift */; };
		21D3D4BB24F7B4E8005E7A85 /* Main.storyboard in Resources */ = {isa = PBXBuildFile; fileRef = 21D3D4B924F7B4E8005E7A85 /* Main.storyboard */; };
		21D3D4BD24F7B4EA005E7A85 /* Assets.xcassets in Resources */ = {isa = PBXBuildFile; fileRef = 21D3D4BC24F7B4EA005E7A85 /* Assets.xcassets */; };
		21D3D4C024F7B4EA005E7A85 /* LaunchScreen.storyboard in Resources */ = {isa = PBXBuildFile; fileRef = 21D3D4BE24F7B4EA005E7A85 /* LaunchScreen.storyboard */; };
		21D3D4CB24F7B4EA005E7A85 /* stock_appTests.swift in Sources */ = {isa = PBXBuildFile; fileRef = 21D3D4CA24F7B4EA005E7A85 /* stock_appTests.swift */; };
		21D3D4D624F7B4EA005E7A85 /* stock_appUITests.swift in Sources */ = {isa = PBXBuildFile; fileRef = 21D3D4D524F7B4EA005E7A85 /* stock_appUITests.swift */; };
		21D3D4EB24F7B627005E7A85 /* Stock.swift in Sources */ = {isa = PBXBuildFile; fileRef = 21D3D4EA24F7B627005E7A85 /* Stock.swift */; };
		21D3D4ED24F7B62E005E7A85 /* News.swift in Sources */ = {isa = PBXBuildFile; fileRef = 21D3D4EC24F7B62E005E7A85 /* News.swift */; };
		21D3D4F224F7B654005E7A85 /* HomeViewController.swift in Sources */ = {isa = PBXBuildFile; fileRef = 21D3D4F124F7B654005E7A85 /* HomeViewController.swift */; };
		21D3D4F424F7B68A005E7A85 /* RealmManager.swift in Sources */ = {isa = PBXBuildFile; fileRef = 21D3D4F324F7B68A005E7A85 /* RealmManager.swift */; };
		21D3D4F624F7B696005E7A85 /* APIManager.swift in Sources */ = {isa = PBXBuildFile; fileRef = 21D3D4F524F7B696005E7A85 /* APIManager.swift */; };
		21D3D4F924F7BAF2005E7A85 /* EmptyView.swift in Sources */ = {isa = PBXBuildFile; fileRef = 21D3D4F824F7BAF2005E7A85 /* EmptyView.swift */; };
		21D3D4FB24F7BB0E005E7A85 /* reusableIdentifier+extension.swift in Sources */ = {isa = PBXBuildFile; fileRef = 21D3D4FA24F7BB0E005E7A85 /* reusableIdentifier+extension.swift */; };
		21D3D4FD24F7BB2F005E7A85 /* TypeConvert.swift in Sources */ = {isa = PBXBuildFile; fileRef = 21D3D4FC24F7BB2F005E7A85 /* TypeConvert.swift */; };
		21D3D4FF24F7BB45005E7A85 /* TextField+extension.swift in Sources */ = {isa = PBXBuildFile; fileRef = 21D3D4FE24F7BB45005E7A85 /* TextField+extension.swift */; };
		21D3D50124F7BB6B005E7A85 /* UIView+extension.swift in Sources */ = {isa = PBXBuildFile; fileRef = 21D3D50024F7BB6B005E7A85 /* UIView+extension.swift */; };
		21D3D50324F7BC53005E7A85 /* AddTabbarViewController.swift in Sources */ = {isa = PBXBuildFile; fileRef = 21D3D50224F7BC53005E7A85 /* AddTabbarViewController.swift */; };
		21D3D50524F7BCF1005E7A85 /* SearchViewController.swift in Sources */ = {isa = PBXBuildFile; fileRef = 21D3D50424F7BCF1005E7A85 /* SearchViewController.swift */; };
		21D3D50824F7BF98005E7A85 /* NewsCell.swift in Sources */ = {isa = PBXBuildFile; fileRef = 21D3D50624F7BF98005E7A85 /* NewsCell.swift */; };
		21D3D50924F7BF98005E7A85 /* NewsCell.xib in Resources */ = {isa = PBXBuildFile; fileRef = 21D3D50724F7BF98005E7A85 /* NewsCell.xib */; };
		21D3D51C24F7D7B1005E7A85 /* IssueCell.swift in Sources */ = {isa = PBXBuildFile; fileRef = 21D3D51A24F7D7B1005E7A85 /* IssueCell.swift */; };
		21D3D51D24F7D7B1005E7A85 /* IssueCell.xib in Resources */ = {isa = PBXBuildFile; fileRef = 21D3D51B24F7D7B1005E7A85 /* IssueCell.xib */; };
		21D3D51F24F7FAAB005E7A85 /* PortfolioViewController.swift in Sources */ = {isa = PBXBuildFile; fileRef = 21D3D51E24F7FAAB005E7A85 /* PortfolioViewController.swift */; };
		21D72C7324F934DB007EAFFF /* DetailViewController.swift in Sources */ = {isa = PBXBuildFile; fileRef = 21D72C7224F934DB007EAFFF /* DetailViewController.swift */; };
		21D72C7524F9353A007EAFFF /* NewsLinkViewController.swift in Sources */ = {isa = PBXBuildFile; fileRef = 21D72C7424F9353A007EAFFF /* NewsLinkViewController.swift */; };
		21D72C7824F9414D007EAFFF /* StockCell.swift in Sources */ = {isa = PBXBuildFile; fileRef = 21D72C7624F9414D007EAFFF /* StockCell.swift */; };
		21D72C7924F9414D007EAFFF /* StockCell.xib in Resources */ = {isa = PBXBuildFile; fileRef = 21D72C7724F9414D007EAFFF /* StockCell.xib */; };
		270E030557C2CE0B0F8FF7E8 /* Pods_stock_appTests.framework in Frameworks */ = {isa = PBXBuildFile; fileRef = 1FDD1AF5929D818825B650FA /* Pods_stock_appTests.framework */; };
		AD5A12A2727FB2F395859D80 /* Pods_stock_app.framework in Frameworks */ = {isa = PBXBuildFile; fileRef = 6DE25D11A57DDABC42D6FA58 /* Pods_stock_app.framework */; };
		E83683589C15648D806C860C /* Pods_stock_app_stock_appUITests.framework in Frameworks */ = {isa = PBXBuildFile; fileRef = 4B20CB829A48284FAD76BEB9 /* Pods_stock_app_stock_appUITests.framework */; };
/* End PBXBuildFile section */

/* Begin PBXContainerItemProxy section */
		21D3D4C724F7B4EA005E7A85 /* PBXContainerItemProxy */ = {
			isa = PBXContainerItemProxy;
			containerPortal = 21D3D4A824F7B4E8005E7A85 /* Project object */;
			proxyType = 1;
			remoteGlobalIDString = 21D3D4AF24F7B4E8005E7A85;
			remoteInfo = stock_app;
		};
		21D3D4D224F7B4EA005E7A85 /* PBXContainerItemProxy */ = {
			isa = PBXContainerItemProxy;
			containerPortal = 21D3D4A824F7B4E8005E7A85 /* Project object */;
			proxyType = 1;
			remoteGlobalIDString = 21D3D4AF24F7B4E8005E7A85;
			remoteInfo = stock_app;
		};
/* End PBXContainerItemProxy section */

/* Begin PBXFileReference section */
		04BEF6B05AE0630D4E448CDA /* Pods-stock_appTests.release.xcconfig */ = {isa = PBXFileReference; includeInIndex = 1; lastKnownFileType = text.xcconfig; name = "Pods-stock_appTests.release.xcconfig"; path = "Target Support Files/Pods-stock_appTests/Pods-stock_appTests.release.xcconfig"; sourceTree = "<group>"; };
		1FDD1AF5929D818825B650FA /* Pods_stock_appTests.framework */ = {isa = PBXFileReference; explicitFileType = wrapper.framework; includeInIndex = 0; path = Pods_stock_appTests.framework; sourceTree = BUILT_PRODUCTS_DIR; };
		210A63BE24FD5B290075A297 /* PortfolioListViewController.swift */ = {isa = PBXFileReference; lastKnownFileType = sourcecode.swift; path = PortfolioListViewController.swift; sourceTree = "<group>"; };
		210A63C024FD62650075A297 /* FolderCell.swift */ = {isa = PBXFileReference; lastKnownFileType = sourcecode.swift; path = FolderCell.swift; sourceTree = "<group>"; };
		210A63C124FD62650075A297 /* FolderCell.xib */ = {isa = PBXFileReference; lastKnownFileType = file.xib; path = FolderCell.xib; sourceTree = "<group>"; };
		210A63C424FD813D0075A297 /* PopUpViewController.swift */ = {isa = PBXFileReference; lastKnownFileType = sourcecode.swift; path = PopUpViewController.swift; sourceTree = "<group>"; };
		21251E1F24FD0353002E0217 /* StockInfo.swift */ = {isa = PBXFileReference; lastKnownFileType = sourcecode.swift; path = StockInfo.swift; sourceTree = "<group>"; };
		21251E2524FD405B002E0217 /* HeaderView.swift */ = {isa = PBXFileReference; lastKnownFileType = sourcecode.swift; path = HeaderView.swift; sourceTree = "<group>"; };
		21251E2724FD4066002E0217 /* HeaderView.xib */ = {isa = PBXFileReference; lastKnownFileType = file.xib; path = HeaderView.xib; sourceTree = "<group>"; };
		2132C5BC24FBB91500A208A1 /* AddPortfolioViewController.swift */ = {isa = PBXFileReference; lastKnownFileType = sourcecode.swift; path = AddPortfolioViewController.swift; sourceTree = "<group>"; };
		2132C5BE24FC010400A208A1 /* WebKit.framework */ = {isa = PBXFileReference; lastKnownFileType = wrapper.framework; name = WebKit.framework; path = System/Library/Frameworks/WebKit.framework; sourceTree = SDKROOT; };
		2132C5C024FC0E2F00A208A1 /* String+extension.swift */ = {isa = PBXFileReference; lastKnownFileType = sourcecode.swift; path = "String+extension.swift"; sourceTree = "<group>"; };
		213C59FA2504C5DD00F03B55 /* BulletString.swift */ = {isa = PBXFileReference; lastKnownFileType = sourcecode.swift; path = BulletString.swift; sourceTree = "<group>"; };
		21D3D4B024F7B4E8005E7A85 /* stock_app.app */ = {isa = PBXFileReference; explicitFileType = wrapper.application; includeInIndex = 0; path = stock_app.app; sourceTree = BUILT_PRODUCTS_DIR; };
		21D3D4B324F7B4E8005E7A85 /* AppDelegate.swift */ = {isa = PBXFileReference; lastKnownFileType = sourcecode.swift; path = AppDelegate.swift; sourceTree = "<group>"; };
		21D3D4B524F7B4E8005E7A85 /* SceneDelegate.swift */ = {isa = PBXFileReference; lastKnownFileType = sourcecode.swift; path = SceneDelegate.swift; sourceTree = "<group>"; };
		21D3D4BA24F7B4E8005E7A85 /* Base */ = {isa = PBXFileReference; lastKnownFileType = file.storyboard; name = Base; path = Base.lproj/Main.storyboard; sourceTree = "<group>"; };
		21D3D4BC24F7B4EA005E7A85 /* Assets.xcassets */ = {isa = PBXFileReference; lastKnownFileType = folder.assetcatalog; path = Assets.xcassets; sourceTree = "<group>"; };
		21D3D4BF24F7B4EA005E7A85 /* Base */ = {isa = PBXFileReference; lastKnownFileType = file.storyboard; name = Base; path = Base.lproj/LaunchScreen.storyboard; sourceTree = "<group>"; };
		21D3D4C124F7B4EA005E7A85 /* Info.plist */ = {isa = PBXFileReference; lastKnownFileType = text.plist.xml; path = Info.plist; sourceTree = "<group>"; };
		21D3D4C624F7B4EA005E7A85 /* stock_appTests.xctest */ = {isa = PBXFileReference; explicitFileType = wrapper.cfbundle; includeInIndex = 0; path = stock_appTests.xctest; sourceTree = BUILT_PRODUCTS_DIR; };
		21D3D4CA24F7B4EA005E7A85 /* stock_appTests.swift */ = {isa = PBXFileReference; lastKnownFileType = sourcecode.swift; path = stock_appTests.swift; sourceTree = "<group>"; };
		21D3D4CC24F7B4EA005E7A85 /* Info.plist */ = {isa = PBXFileReference; lastKnownFileType = text.plist.xml; path = Info.plist; sourceTree = "<group>"; };
		21D3D4D124F7B4EA005E7A85 /* stock_appUITests.xctest */ = {isa = PBXFileReference; explicitFileType = wrapper.cfbundle; includeInIndex = 0; path = stock_appUITests.xctest; sourceTree = BUILT_PRODUCTS_DIR; };
		21D3D4D524F7B4EA005E7A85 /* stock_appUITests.swift */ = {isa = PBXFileReference; lastKnownFileType = sourcecode.swift; path = stock_appUITests.swift; sourceTree = "<group>"; };
		21D3D4D724F7B4EA005E7A85 /* Info.plist */ = {isa = PBXFileReference; lastKnownFileType = text.plist.xml; path = Info.plist; sourceTree = "<group>"; };
		21D3D4EA24F7B627005E7A85 /* Stock.swift */ = {isa = PBXFileReference; lastKnownFileType = sourcecode.swift; path = Stock.swift; sourceTree = "<group>"; };
		21D3D4EC24F7B62E005E7A85 /* News.swift */ = {isa = PBXFileReference; lastKnownFileType = sourcecode.swift; path = News.swift; sourceTree = "<group>"; };
		21D3D4F124F7B654005E7A85 /* HomeViewController.swift */ = {isa = PBXFileReference; lastKnownFileType = sourcecode.swift; path = HomeViewController.swift; sourceTree = "<group>"; };
		21D3D4F324F7B68A005E7A85 /* RealmManager.swift */ = {isa = PBXFileReference; lastKnownFileType = sourcecode.swift; path = RealmManager.swift; sourceTree = "<group>"; };
		21D3D4F524F7B696005E7A85 /* APIManager.swift */ = {isa = PBXFileReference; lastKnownFileType = sourcecode.swift; path = APIManager.swift; sourceTree = "<group>"; };
		21D3D4F824F7BAF2005E7A85 /* EmptyView.swift */ = {isa = PBXFileReference; lastKnownFileType = sourcecode.swift; path = EmptyView.swift; sourceTree = "<group>"; };
		21D3D4FA24F7BB0E005E7A85 /* reusableIdentifier+extension.swift */ = {isa = PBXFileReference; lastKnownFileType = sourcecode.swift; path = "reusableIdentifier+extension.swift"; sourceTree = "<group>"; };
		21D3D4FC24F7BB2F005E7A85 /* TypeConvert.swift */ = {isa = PBXFileReference; lastKnownFileType = sourcecode.swift; path = TypeConvert.swift; sourceTree = "<group>"; };
		21D3D4FE24F7BB45005E7A85 /* TextField+extension.swift */ = {isa = PBXFileReference; lastKnownFileType = sourcecode.swift; path = "TextField+extension.swift"; sourceTree = "<group>"; };
		21D3D50024F7BB6B005E7A85 /* UIView+extension.swift */ = {isa = PBXFileReference; lastKnownFileType = sourcecode.swift; path = "UIView+extension.swift"; sourceTree = "<group>"; };
		21D3D50224F7BC53005E7A85 /* AddTabbarViewController.swift */ = {isa = PBXFileReference; lastKnownFileType = sourcecode.swift; path = AddTabbarViewController.swift; sourceTree = "<group>"; };
		21D3D50424F7BCF1005E7A85 /* SearchViewController.swift */ = {isa = PBXFileReference; lastKnownFileType = sourcecode.swift; path = SearchViewController.swift; sourceTree = "<group>"; };
		21D3D50624F7BF98005E7A85 /* NewsCell.swift */ = {isa = PBXFileReference; lastKnownFileType = sourcecode.swift; path = NewsCell.swift; sourceTree = "<group>"; };
		21D3D50724F7BF98005E7A85 /* NewsCell.xib */ = {isa = PBXFileReference; lastKnownFileType = file.xib; path = NewsCell.xib; sourceTree = "<group>"; };
		21D3D51A24F7D7B1005E7A85 /* IssueCell.swift */ = {isa = PBXFileReference; lastKnownFileType = sourcecode.swift; path = IssueCell.swift; sourceTree = "<group>"; };
		21D3D51B24F7D7B1005E7A85 /* IssueCell.xib */ = {isa = PBXFileReference; lastKnownFileType = file.xib; path = IssueCell.xib; sourceTree = "<group>"; };
		21D3D51E24F7FAAB005E7A85 /* PortfolioViewController.swift */ = {isa = PBXFileReference; lastKnownFileType = sourcecode.swift; path = PortfolioViewController.swift; sourceTree = "<group>"; };
		21D72C7224F934DB007EAFFF /* DetailViewController.swift */ = {isa = PBXFileReference; lastKnownFileType = sourcecode.swift; path = DetailViewController.swift; sourceTree = "<group>"; };
		21D72C7424F9353A007EAFFF /* NewsLinkViewController.swift */ = {isa = PBXFileReference; lastKnownFileType = sourcecode.swift; path = NewsLinkViewController.swift; sourceTree = "<group>"; };
		21D72C7624F9414D007EAFFF /* StockCell.swift */ = {isa = PBXFileReference; lastKnownFileType = sourcecode.swift; path = StockCell.swift; sourceTree = "<group>"; };
		21D72C7724F9414D007EAFFF /* StockCell.xib */ = {isa = PBXFileReference; lastKnownFileType = file.xib; path = StockCell.xib; sourceTree = "<group>"; };
		4B20CB829A48284FAD76BEB9 /* Pods_stock_app_stock_appUITests.framework */ = {isa = PBXFileReference; explicitFileType = wrapper.framework; includeInIndex = 0; path = Pods_stock_app_stock_appUITests.framework; sourceTree = BUILT_PRODUCTS_DIR; };
		636AA8CB4F18A1E2E39A9094 /* Pods-stock_app.debug.xcconfig */ = {isa = PBXFileReference; includeInIndex = 1; lastKnownFileType = text.xcconfig; name = "Pods-stock_app.debug.xcconfig"; path = "Target Support Files/Pods-stock_app/Pods-stock_app.debug.xcconfig"; sourceTree = "<group>"; };
		6DE25D11A57DDABC42D6FA58 /* Pods_stock_app.framework */ = {isa = PBXFileReference; explicitFileType = wrapper.framework; includeInIndex = 0; path = Pods_stock_app.framework; sourceTree = BUILT_PRODUCTS_DIR; };
		B0E95258F2BFF40AD2B49189 /* Pods-stock_appTests.debug.xcconfig */ = {isa = PBXFileReference; includeInIndex = 1; lastKnownFileType = text.xcconfig; name = "Pods-stock_appTests.debug.xcconfig"; path = "Target Support Files/Pods-stock_appTests/Pods-stock_appTests.debug.xcconfig"; sourceTree = "<group>"; };
		BA739BD4AFA52EA106ABAF45 /* Pods-stock_app-stock_appUITests.debug.xcconfig */ = {isa = PBXFileReference; includeInIndex = 1; lastKnownFileType = text.xcconfig; name = "Pods-stock_app-stock_appUITests.debug.xcconfig"; path = "Target Support Files/Pods-stock_app-stock_appUITests/Pods-stock_app-stock_appUITests.debug.xcconfig"; sourceTree = "<group>"; };
		F3820BC2C6FDC84172B4EAED /* Pods-stock_app-stock_appUITests.release.xcconfig */ = {isa = PBXFileReference; includeInIndex = 1; lastKnownFileType = text.xcconfig; name = "Pods-stock_app-stock_appUITests.release.xcconfig"; path = "Target Support Files/Pods-stock_app-stock_appUITests/Pods-stock_app-stock_appUITests.release.xcconfig"; sourceTree = "<group>"; };
		F5D8D654412D43E4E6E489B3 /* Pods-stock_app.release.xcconfig */ = {isa = PBXFileReference; includeInIndex = 1; lastKnownFileType = text.xcconfig; name = "Pods-stock_app.release.xcconfig"; path = "Target Support Files/Pods-stock_app/Pods-stock_app.release.xcconfig"; sourceTree = "<group>"; };
/* End PBXFileReference section */

/* Begin PBXFrameworksBuildPhase section */
		21D3D4AD24F7B4E8005E7A85 /* Frameworks */ = {
			isa = PBXFrameworksBuildPhase;
			buildActionMask = 2147483647;
			files = (
				219F40F624FFA1FB009BF2B1 /* WebKit.framework in Frameworks */,
				AD5A12A2727FB2F395859D80 /* Pods_stock_app.framework in Frameworks */,
			);
			runOnlyForDeploymentPostprocessing = 0;
		};
		21D3D4C324F7B4EA005E7A85 /* Frameworks */ = {
			isa = PBXFrameworksBuildPhase;
			buildActionMask = 2147483647;
			files = (
				270E030557C2CE0B0F8FF7E8 /* Pods_stock_appTests.framework in Frameworks */,
			);
			runOnlyForDeploymentPostprocessing = 0;
		};
		21D3D4CE24F7B4EA005E7A85 /* Frameworks */ = {
			isa = PBXFrameworksBuildPhase;
			buildActionMask = 2147483647;
			files = (
				E83683589C15648D806C860C /* Pods_stock_app_stock_appUITests.framework in Frameworks */,
			);
			runOnlyForDeploymentPostprocessing = 0;
		};
/* End PBXFrameworksBuildPhase section */

/* Begin PBXGroup section */
		21D3D4A724F7B4E8005E7A85 = {
			isa = PBXGroup;
			children = (
				21D3D4B224F7B4E8005E7A85 /* stock_app */,
				21D3D4C924F7B4EA005E7A85 /* stock_appTests */,
				21D3D4D424F7B4EA005E7A85 /* stock_appUITests */,
				21D3D4B124F7B4E8005E7A85 /* Products */,
				866DA3BED86E53D3858E55D2 /* Pods */,
				F99C874C3C984178057A80F6 /* Frameworks */,
			);
			sourceTree = "<group>";
		};
		21D3D4B124F7B4E8005E7A85 /* Products */ = {
			isa = PBXGroup;
			children = (
				21D3D4B024F7B4E8005E7A85 /* stock_app.app */,
				21D3D4C624F7B4EA005E7A85 /* stock_appTests.xctest */,
				21D3D4D124F7B4EA005E7A85 /* stock_appUITests.xctest */,
			);
			name = Products;
			sourceTree = "<group>";
		};
		21D3D4B224F7B4E8005E7A85 /* stock_app */ = {
			isa = PBXGroup;
			children = (
				21D3D4F724F7BADD005E7A85 /* Extension */,
				21D3D4E924F7B60E005E7A85 /* Interface */,
				21D3D4E724F7B5FF005E7A85 /* Manager */,
				21D3D4E624F7B5D9005E7A85 /* Resource */,
				21D3D4E524F7B5D4005E7A85 /* ViewController */,
				21D3D4E424F7B5CC005E7A85 /* View */,
				21D3D4E324F7B5C8005E7A85 /* Model */,
				21D3D4BE24F7B4EA005E7A85 /* LaunchScreen.storyboard */,
				21D3D4C124F7B4EA005E7A85 /* Info.plist */,
			);
			path = stock_app;
			sourceTree = "<group>";
		};
		21D3D4C924F7B4EA005E7A85 /* stock_appTests */ = {
			isa = PBXGroup;
			children = (
				21D3D4CA24F7B4EA005E7A85 /* stock_appTests.swift */,
				21D3D4CC24F7B4EA005E7A85 /* Info.plist */,
			);
			path = stock_appTests;
			sourceTree = "<group>";
		};
		21D3D4D424F7B4EA005E7A85 /* stock_appUITests */ = {
			isa = PBXGroup;
			children = (
				21D3D4D524F7B4EA005E7A85 /* stock_appUITests.swift */,
				21D3D4D724F7B4EA005E7A85 /* Info.plist */,
			);
			path = stock_appUITests;
			sourceTree = "<group>";
		};
		21D3D4E324F7B5C8005E7A85 /* Model */ = {
			isa = PBXGroup;
			children = (
				21D3D4EA24F7B627005E7A85 /* Stock.swift */,
				21D3D4EC24F7B62E005E7A85 /* News.swift */,
				21251E1F24FD0353002E0217 /* StockInfo.swift */,
			);
			path = Model;
			sourceTree = "<group>";
		};
		21D3D4E424F7B5CC005E7A85 /* View */ = {
			isa = PBXGroup;
			children = (
				21D3D50624F7BF98005E7A85 /* NewsCell.swift */,
				21D3D50724F7BF98005E7A85 /* NewsCell.xib */,
				21D3D51A24F7D7B1005E7A85 /* IssueCell.swift */,
				21D3D51B24F7D7B1005E7A85 /* IssueCell.xib */,
				21D72C7624F9414D007EAFFF /* StockCell.swift */,
				21D72C7724F9414D007EAFFF /* StockCell.xib */,
				21251E2524FD405B002E0217 /* HeaderView.swift */,
				21251E2724FD4066002E0217 /* HeaderView.xib */,
				210A63C024FD62650075A297 /* FolderCell.swift */,
				210A63C124FD62650075A297 /* FolderCell.xib */,
			);
			path = View;
			sourceTree = "<group>";
		};
		21D3D4E524F7B5D4005E7A85 /* ViewController */ = {
			isa = PBXGroup;
			children = (
				21D3D4F124F7B654005E7A85 /* HomeViewController.swift */,
				21D3D50224F7BC53005E7A85 /* AddTabbarViewController.swift */,
				21D3D51E24F7FAAB005E7A85 /* PortfolioViewController.swift */,
				21D72C7224F934DB007EAFFF /* DetailViewController.swift */,
				21D3D50424F7BCF1005E7A85 /* SearchViewController.swift */,
				21D72C7424F9353A007EAFFF /* NewsLinkViewController.swift */,
				2132C5BC24FBB91500A208A1 /* AddPortfolioViewController.swift */,
				210A63BE24FD5B290075A297 /* PortfolioListViewController.swift */,
				210A63C424FD813D0075A297 /* PopUpViewController.swift */,
			);
			path = ViewController;
			sourceTree = "<group>";
		};
		21D3D4E624F7B5D9005E7A85 /* Resource */ = {
			isa = PBXGroup;
			children = (
				21D3D4B324F7B4E8005E7A85 /* AppDelegate.swift */,
				21D3D4B524F7B4E8005E7A85 /* SceneDelegate.swift */,
				21D3D4BC24F7B4EA005E7A85 /* Assets.xcassets */,
			);
			path = Resource;
			sourceTree = "<group>";
		};
		21D3D4E724F7B5FF005E7A85 /* Manager */ = {
			isa = PBXGroup;
			children = (
				21D3D4F324F7B68A005E7A85 /* RealmManager.swift */,
				21D3D4F524F7B696005E7A85 /* APIManager.swift */,
				213C59FA2504C5DD00F03B55 /* BulletString.swift */,
			);
			path = Manager;
			sourceTree = "<group>";
		};
		21D3D4E924F7B60E005E7A85 /* Interface */ = {
			isa = PBXGroup;
			children = (
				21D3D4B924F7B4E8005E7A85 /* Main.storyboard */,
			);
			path = Interface;
			sourceTree = "<group>";
		};
		21D3D4F724F7BADD005E7A85 /* Extension */ = {
			isa = PBXGroup;
			children = (
				21D3D4F824F7BAF2005E7A85 /* EmptyView.swift */,
				21D3D4FA24F7BB0E005E7A85 /* reusableIdentifier+extension.swift */,
				21D3D4FC24F7BB2F005E7A85 /* TypeConvert.swift */,
				21D3D4FE24F7BB45005E7A85 /* TextField+extension.swift */,
				21D3D50024F7BB6B005E7A85 /* UIView+extension.swift */,
				2132C5C024FC0E2F00A208A1 /* String+extension.swift */,
			);
			path = Extension;
			sourceTree = "<group>";
		};
		866DA3BED86E53D3858E55D2 /* Pods */ = {
			isa = PBXGroup;
			children = (
				636AA8CB4F18A1E2E39A9094 /* Pods-stock_app.debug.xcconfig */,
				F5D8D654412D43E4E6E489B3 /* Pods-stock_app.release.xcconfig */,
				BA739BD4AFA52EA106ABAF45 /* Pods-stock_app-stock_appUITests.debug.xcconfig */,
				F3820BC2C6FDC84172B4EAED /* Pods-stock_app-stock_appUITests.release.xcconfig */,
				B0E95258F2BFF40AD2B49189 /* Pods-stock_appTests.debug.xcconfig */,
				04BEF6B05AE0630D4E448CDA /* Pods-stock_appTests.release.xcconfig */,
			);
			path = Pods;
			sourceTree = "<group>";
		};
		F99C874C3C984178057A80F6 /* Frameworks */ = {
			isa = PBXGroup;
			children = (
				2132C5BE24FC010400A208A1 /* WebKit.framework */,
				6DE25D11A57DDABC42D6FA58 /* Pods_stock_app.framework */,
				4B20CB829A48284FAD76BEB9 /* Pods_stock_app_stock_appUITests.framework */,
				1FDD1AF5929D818825B650FA /* Pods_stock_appTests.framework */,
			);
			name = Frameworks;
			sourceTree = "<group>";
		};
/* End PBXGroup section */

/* Begin PBXNativeTarget section */
		21D3D4AF24F7B4E8005E7A85 /* stock_app */ = {
			isa = PBXNativeTarget;
			buildConfigurationList = 21D3D4DA24F7B4EA005E7A85 /* Build configuration list for PBXNativeTarget "stock_app" */;
			buildPhases = (
				0A5A38D5EFEB95092230F862 /* [CP] Check Pods Manifest.lock */,
				21D3D4AC24F7B4E8005E7A85 /* Sources */,
				21D3D4AD24F7B4E8005E7A85 /* Frameworks */,
				21D3D4AE24F7B4E8005E7A85 /* Resources */,
				3CC8F13DD1278CE44CCD9D41 /* [CP] Embed Pods Frameworks */,
			);
			buildRules = (
			);
			dependencies = (
			);
			name = stock_app;
			productName = stock_app;
			productReference = 21D3D4B024F7B4E8005E7A85 /* stock_app.app */;
			productType = "com.apple.product-type.application";
		};
		21D3D4C524F7B4EA005E7A85 /* stock_appTests */ = {
			isa = PBXNativeTarget;
			buildConfigurationList = 21D3D4DD24F7B4EA005E7A85 /* Build configuration list for PBXNativeTarget "stock_appTests" */;
			buildPhases = (
				CE6C44DC4DBC7D0C2482A428 /* [CP] Check Pods Manifest.lock */,
				21D3D4C224F7B4EA005E7A85 /* Sources */,
				21D3D4C324F7B4EA005E7A85 /* Frameworks */,
				21D3D4C424F7B4EA005E7A85 /* Resources */,
			);
			buildRules = (
			);
			dependencies = (
				21D3D4C824F7B4EA005E7A85 /* PBXTargetDependency */,
			);
			name = stock_appTests;
			productName = stock_appTests;
			productReference = 21D3D4C624F7B4EA005E7A85 /* stock_appTests.xctest */;
			productType = "com.apple.product-type.bundle.unit-test";
		};
		21D3D4D024F7B4EA005E7A85 /* stock_appUITests */ = {
			isa = PBXNativeTarget;
			buildConfigurationList = 21D3D4E024F7B4EA005E7A85 /* Build configuration list for PBXNativeTarget "stock_appUITests" */;
			buildPhases = (
				FE4AA38EDE7A7367F0BCBEBB /* [CP] Check Pods Manifest.lock */,
				21D3D4CD24F7B4EA005E7A85 /* Sources */,
				21D3D4CE24F7B4EA005E7A85 /* Frameworks */,
				21D3D4CF24F7B4EA005E7A85 /* Resources */,
				C3665D03587DC668E0641FEE /* [CP] Embed Pods Frameworks */,
			);
			buildRules = (
			);
			dependencies = (
				21D3D4D324F7B4EA005E7A85 /* PBXTargetDependency */,
			);
			name = stock_appUITests;
			productName = stock_appUITests;
			productReference = 21D3D4D124F7B4EA005E7A85 /* stock_appUITests.xctest */;
			productType = "com.apple.product-type.bundle.ui-testing";
		};
/* End PBXNativeTarget section */

/* Begin PBXProject section */
		21D3D4A824F7B4E8005E7A85 /* Project object */ = {
			isa = PBXProject;
			attributes = {
				LastSwiftUpdateCheck = 1160;
				LastUpgradeCheck = 1160;
				ORGANIZATIONNAME = gommj_Dev;
				TargetAttributes = {
					21D3D4AF24F7B4E8005E7A85 = {
						CreatedOnToolsVersion = 11.6;
					};
					21D3D4C524F7B4EA005E7A85 = {
						CreatedOnToolsVersion = 11.6;
						TestTargetID = 21D3D4AF24F7B4E8005E7A85;
					};
					21D3D4D024F7B4EA005E7A85 = {
						CreatedOnToolsVersion = 11.6;
						TestTargetID = 21D3D4AF24F7B4E8005E7A85;
					};
				};
			};
			buildConfigurationList = 21D3D4AB24F7B4E8005E7A85 /* Build configuration list for PBXProject "stock_app" */;
			compatibilityVersion = "Xcode 9.3";
			developmentRegion = en;
			hasScannedForEncodings = 0;
			knownRegions = (
				en,
				Base,
			);
			mainGroup = 21D3D4A724F7B4E8005E7A85;
			productRefGroup = 21D3D4B124F7B4E8005E7A85 /* Products */;
			projectDirPath = "";
			projectRoot = "";
			targets = (
				21D3D4AF24F7B4E8005E7A85 /* stock_app */,
				21D3D4C524F7B4EA005E7A85 /* stock_appTests */,
				21D3D4D024F7B4EA005E7A85 /* stock_appUITests */,
			);
		};
/* End PBXProject section */

/* Begin PBXResourcesBuildPhase section */
		21D3D4AE24F7B4E8005E7A85 /* Resources */ = {
			isa = PBXResourcesBuildPhase;
			buildActionMask = 2147483647;
			files = (
				210A63C324FD62650075A297 /* FolderCell.xib in Resources */,
				21D72C7924F9414D007EAFFF /* StockCell.xib in Resources */,
				21D3D4C024F7B4EA005E7A85 /* LaunchScreen.storyboard in Resources */,
				21251E2824FD4066002E0217 /* HeaderView.xib in Resources */,
				21D3D4BD24F7B4EA005E7A85 /* Assets.xcassets in Resources */,
				21D3D50924F7BF98005E7A85 /* NewsCell.xib in Resources */,
				21D3D4BB24F7B4E8005E7A85 /* Main.storyboard in Resources */,
				21D3D51D24F7D7B1005E7A85 /* IssueCell.xib in Resources */,
			);
			runOnlyForDeploymentPostprocessing = 0;
		};
		21D3D4C424F7B4EA005E7A85 /* Resources */ = {
			isa = PBXResourcesBuildPhase;
			buildActionMask = 2147483647;
			files = (
			);
			runOnlyForDeploymentPostprocessing = 0;
		};
		21D3D4CF24F7B4EA005E7A85 /* Resources */ = {
			isa = PBXResourcesBuildPhase;
			buildActionMask = 2147483647;
			files = (
			);
			runOnlyForDeploymentPostprocessing = 0;
		};
/* End PBXResourcesBuildPhase section */

/* Begin PBXShellScriptBuildPhase section */
		0A5A38D5EFEB95092230F862 /* [CP] Check Pods Manifest.lock */ = {
			isa = PBXShellScriptBuildPhase;
			buildActionMask = 2147483647;
			files = (
			);
			inputFileListPaths = (
			);
			inputPaths = (
				"${PODS_PODFILE_DIR_PATH}/Podfile.lock",
				"${PODS_ROOT}/Manifest.lock",
			);
			name = "[CP] Check Pods Manifest.lock";
			outputFileListPaths = (
			);
			outputPaths = (
				"$(DERIVED_FILE_DIR)/Pods-stock_app-checkManifestLockResult.txt",
			);
			runOnlyForDeploymentPostprocessing = 0;
			shellPath = /bin/sh;
			shellScript = "diff \"${PODS_PODFILE_DIR_PATH}/Podfile.lock\" \"${PODS_ROOT}/Manifest.lock\" > /dev/null\nif [ $? != 0 ] ; then\n    # print error to STDERR\n    echo \"error: The sandbox is not in sync with the Podfile.lock. Run 'pod install' or update your CocoaPods installation.\" >&2\n    exit 1\nfi\n# This output is used by Xcode 'outputs' to avoid re-running this script phase.\necho \"SUCCESS\" > \"${SCRIPT_OUTPUT_FILE_0}\"\n";
			showEnvVarsInLog = 0;
		};
		3CC8F13DD1278CE44CCD9D41 /* [CP] Embed Pods Frameworks */ = {
			isa = PBXShellScriptBuildPhase;
			buildActionMask = 2147483647;
			files = (
			);
			inputFileListPaths = (
				"${PODS_ROOT}/Target Support Files/Pods-stock_app/Pods-stock_app-frameworks-${CONFIGURATION}-input-files.xcfilelist",
			);
			name = "[CP] Embed Pods Frameworks";
			outputFileListPaths = (
				"${PODS_ROOT}/Target Support Files/Pods-stock_app/Pods-stock_app-frameworks-${CONFIGURATION}-output-files.xcfilelist",
			);
			runOnlyForDeploymentPostprocessing = 0;
			shellPath = /bin/sh;
			shellScript = "\"${PODS_ROOT}/Target Support Files/Pods-stock_app/Pods-stock_app-frameworks.sh\"\n";
			showEnvVarsInLog = 0;
		};
		C3665D03587DC668E0641FEE /* [CP] Embed Pods Frameworks */ = {
			isa = PBXShellScriptBuildPhase;
			buildActionMask = 2147483647;
			files = (
			);
			inputFileListPaths = (
				"${PODS_ROOT}/Target Support Files/Pods-stock_app-stock_appUITests/Pods-stock_app-stock_appUITests-frameworks-${CONFIGURATION}-input-files.xcfilelist",
			);
			name = "[CP] Embed Pods Frameworks";
			outputFileListPaths = (
				"${PODS_ROOT}/Target Support Files/Pods-stock_app-stock_appUITests/Pods-stock_app-stock_appUITests-frameworks-${CONFIGURATION}-output-files.xcfilelist",
			);
			runOnlyForDeploymentPostprocessing = 0;
			shellPath = /bin/sh;
			shellScript = "\"${PODS_ROOT}/Target Support Files/Pods-stock_app-stock_appUITests/Pods-stock_app-stock_appUITests-frameworks.sh\"\n";
			showEnvVarsInLog = 0;
		};
		CE6C44DC4DBC7D0C2482A428 /* [CP] Check Pods Manifest.lock */ = {
			isa = PBXShellScriptBuildPhase;
			buildActionMask = 2147483647;
			files = (
			);
			inputFileListPaths = (
			);
			inputPaths = (
				"${PODS_PODFILE_DIR_PATH}/Podfile.lock",
				"${PODS_ROOT}/Manifest.lock",
			);
			name = "[CP] Check Pods Manifest.lock";
			outputFileListPaths = (
			);
			outputPaths = (
				"$(DERIVED_FILE_DIR)/Pods-stock_appTests-checkManifestLockResult.txt",
			);
			runOnlyForDeploymentPostprocessing = 0;
			shellPath = /bin/sh;
			shellScript = "diff \"${PODS_PODFILE_DIR_PATH}/Podfile.lock\" \"${PODS_ROOT}/Manifest.lock\" > /dev/null\nif [ $? != 0 ] ; then\n    # print error to STDERR\n    echo \"error: The sandbox is not in sync with the Podfile.lock. Run 'pod install' or update your CocoaPods installation.\" >&2\n    exit 1\nfi\n# This output is used by Xcode 'outputs' to avoid re-running this script phase.\necho \"SUCCESS\" > \"${SCRIPT_OUTPUT_FILE_0}\"\n";
			showEnvVarsInLog = 0;
		};
		FE4AA38EDE7A7367F0BCBEBB /* [CP] Check Pods Manifest.lock */ = {
			isa = PBXShellScriptBuildPhase;
			buildActionMask = 2147483647;
			files = (
			);
			inputFileListPaths = (
			);
			inputPaths = (
				"${PODS_PODFILE_DIR_PATH}/Podfile.lock",
				"${PODS_ROOT}/Manifest.lock",
			);
			name = "[CP] Check Pods Manifest.lock";
			outputFileListPaths = (
			);
			outputPaths = (
				"$(DERIVED_FILE_DIR)/Pods-stock_app-stock_appUITests-checkManifestLockResult.txt",
			);
			runOnlyForDeploymentPostprocessing = 0;
			shellPath = /bin/sh;
			shellScript = "diff \"${PODS_PODFILE_DIR_PATH}/Podfile.lock\" \"${PODS_ROOT}/Manifest.lock\" > /dev/null\nif [ $? != 0 ] ; then\n    # print error to STDERR\n    echo \"error: The sandbox is not in sync with the Podfile.lock. Run 'pod install' or update your CocoaPods installation.\" >&2\n    exit 1\nfi\n# This output is used by Xcode 'outputs' to avoid re-running this script phase.\necho \"SUCCESS\" > \"${SCRIPT_OUTPUT_FILE_0}\"\n";
			showEnvVarsInLog = 0;
		};
/* End PBXShellScriptBuildPhase section */

/* Begin PBXSourcesBuildPhase section */
		21D3D4AC24F7B4E8005E7A85 /* Sources */ = {
			isa = PBXSourcesBuildPhase;
			buildActionMask = 2147483647;
			files = (
				213C59FB2504C5DE00F03B55 /* BulletString.swift in Sources */,
				21251E2024FD0353002E0217 /* StockInfo.swift in Sources */,
				21D3D50524F7BCF1005E7A85 /* SearchViewController.swift in Sources */,
				21D3D4F624F7B696005E7A85 /* APIManager.swift in Sources */,
				21D3D4FD24F7BB2F005E7A85 /* TypeConvert.swift in Sources */,
				21D72C7824F9414D007EAFFF /* StockCell.swift in Sources */,
				21D3D4F924F7BAF2005E7A85 /* EmptyView.swift in Sources */,
				210A63BF24FD5B290075A297 /* PortfolioListViewController.swift in Sources */,
				21D72C7324F934DB007EAFFF /* DetailViewController.swift in Sources */,
				21D3D51C24F7D7B1005E7A85 /* IssueCell.swift in Sources */,
				2132C5C124FC0E2F00A208A1 /* String+extension.swift in Sources */,
				21D3D4B424F7B4E8005E7A85 /* AppDelegate.swift in Sources */,
				210A63C524FD813D0075A297 /* PopUpViewController.swift in Sources */,
				21D3D50124F7BB6B005E7A85 /* UIView+extension.swift in Sources */,
				21D3D50824F7BF98005E7A85 /* NewsCell.swift in Sources */,
				21D3D4FB24F7BB0E005E7A85 /* reusableIdentifier+extension.swift in Sources */,
				210A63C224FD62650075A297 /* FolderCell.swift in Sources */,
				21D3D50324F7BC53005E7A85 /* AddTabbarViewController.swift in Sources */,
				21D3D51F24F7FAAB005E7A85 /* PortfolioViewController.swift in Sources */,
				21D3D4FF24F7BB45005E7A85 /* TextField+extension.swift in Sources */,
				2132C5BD24FBB91500A208A1 /* AddPortfolioViewController.swift in Sources */,
				21D3D4B624F7B4E8005E7A85 /* SceneDelegate.swift in Sources */,
				21D3D4ED24F7B62E005E7A85 /* News.swift in Sources */,
				21D3D4EB24F7B627005E7A85 /* Stock.swift in Sources */,
				21D72C7524F9353A007EAFFF /* NewsLinkViewController.swift in Sources */,
				21D3D4F424F7B68A005E7A85 /* RealmManager.swift in Sources */,
				21D3D4F224F7B654005E7A85 /* HomeViewController.swift in Sources */,
				21251E2624FD405B002E0217 /* HeaderView.swift in Sources */,
			);
			runOnlyForDeploymentPostprocessing = 0;
		};
		21D3D4C224F7B4EA005E7A85 /* Sources */ = {
			isa = PBXSourcesBuildPhase;
			buildActionMask = 2147483647;
			files = (
				21D3D4CB24F7B4EA005E7A85 /* stock_appTests.swift in Sources */,
			);
			runOnlyForDeploymentPostprocessing = 0;
		};
		21D3D4CD24F7B4EA005E7A85 /* Sources */ = {
			isa = PBXSourcesBuildPhase;
			buildActionMask = 2147483647;
			files = (
				21D3D4D624F7B4EA005E7A85 /* stock_appUITests.swift in Sources */,
			);
			runOnlyForDeploymentPostprocessing = 0;
		};
/* End PBXSourcesBuildPhase section */

/* Begin PBXTargetDependency section */
		21D3D4C824F7B4EA005E7A85 /* PBXTargetDependency */ = {
			isa = PBXTargetDependency;
			target = 21D3D4AF24F7B4E8005E7A85 /* stock_app */;
			targetProxy = 21D3D4C724F7B4EA005E7A85 /* PBXContainerItemProxy */;
		};
		21D3D4D324F7B4EA005E7A85 /* PBXTargetDependency */ = {
			isa = PBXTargetDependency;
			target = 21D3D4AF24F7B4E8005E7A85 /* stock_app */;
			targetProxy = 21D3D4D224F7B4EA005E7A85 /* PBXContainerItemProxy */;
		};
/* End PBXTargetDependency section */

/* Begin PBXVariantGroup section */
		21D3D4B924F7B4E8005E7A85 /* Main.storyboard */ = {
			isa = PBXVariantGroup;
			children = (
				21D3D4BA24F7B4E8005E7A85 /* Base */,
			);
			name = Main.storyboard;
			sourceTree = "<group>";
		};
		21D3D4BE24F7B4EA005E7A85 /* LaunchScreen.storyboard */ = {
			isa = PBXVariantGroup;
			children = (
				21D3D4BF24F7B4EA005E7A85 /* Base */,
			);
			name = LaunchScreen.storyboard;
			sourceTree = "<group>";
		};
/* End PBXVariantGroup section */

/* Begin XCBuildConfiguration section */
		21D3D4D824F7B4EA005E7A85 /* Debug */ = {
			isa = XCBuildConfiguration;
			buildSettings = {
				ALWAYS_SEARCH_USER_PATHS = NO;
				CLANG_ANALYZER_NONNULL = YES;
				CLANG_ANALYZER_NUMBER_OBJECT_CONVERSION = YES_AGGRESSIVE;
				CLANG_CXX_LANGUAGE_STANDARD = "gnu++14";
				CLANG_CXX_LIBRARY = "libc++";
				CLANG_ENABLE_MODULES = YES;
				CLANG_ENABLE_OBJC_ARC = YES;
				CLANG_ENABLE_OBJC_WEAK = YES;
				CLANG_WARN_BLOCK_CAPTURE_AUTORELEASING = YES;
				CLANG_WARN_BOOL_CONVERSION = YES;
				CLANG_WARN_COMMA = YES;
				CLANG_WARN_CONSTANT_CONVERSION = YES;
				CLANG_WARN_DEPRECATED_OBJC_IMPLEMENTATIONS = YES;
				CLANG_WARN_DIRECT_OBJC_ISA_USAGE = YES_ERROR;
				CLANG_WARN_DOCUMENTATION_COMMENTS = YES;
				CLANG_WARN_EMPTY_BODY = YES;
				CLANG_WARN_ENUM_CONVERSION = YES;
				CLANG_WARN_INFINITE_RECURSION = YES;
				CLANG_WARN_INT_CONVERSION = YES;
				CLANG_WARN_NON_LITERAL_NULL_CONVERSION = YES;
				CLANG_WARN_OBJC_IMPLICIT_RETAIN_SELF = YES;
				CLANG_WARN_OBJC_LITERAL_CONVERSION = YES;
				CLANG_WARN_OBJC_ROOT_CLASS = YES_ERROR;
				CLANG_WARN_RANGE_LOOP_ANALYSIS = YES;
				CLANG_WARN_STRICT_PROTOTYPES = YES;
				CLANG_WARN_SUSPICIOUS_MOVE = YES;
				CLANG_WARN_UNGUARDED_AVAILABILITY = YES_AGGRESSIVE;
				CLANG_WARN_UNREACHABLE_CODE = YES;
				CLANG_WARN__DUPLICATE_METHOD_MATCH = YES;
				COPY_PHASE_STRIP = NO;
				DEBUG_INFORMATION_FORMAT = dwarf;
				ENABLE_STRICT_OBJC_MSGSEND = YES;
				ENABLE_TESTABILITY = YES;
				GCC_C_LANGUAGE_STANDARD = gnu11;
				GCC_DYNAMIC_NO_PIC = NO;
				GCC_NO_COMMON_BLOCKS = YES;
				GCC_OPTIMIZATION_LEVEL = 0;
				GCC_PREPROCESSOR_DEFINITIONS = (
					"DEBUG=1",
					"$(inherited)",
				);
				GCC_WARN_64_TO_32_BIT_CONVERSION = YES;
				GCC_WARN_ABOUT_RETURN_TYPE = YES_ERROR;
				GCC_WARN_UNDECLARED_SELECTOR = YES;
				GCC_WARN_UNINITIALIZED_AUTOS = YES_AGGRESSIVE;
				GCC_WARN_UNUSED_FUNCTION = YES;
				GCC_WARN_UNUSED_VARIABLE = YES;
				IPHONEOS_DEPLOYMENT_TARGET = 13.6;
				MACOSX_DEPLOYMENT_TARGET = 10.15;
				MTL_ENABLE_DEBUG_INFO = INCLUDE_SOURCE;
				MTL_FAST_MATH = YES;
				ONLY_ACTIVE_ARCH = YES;
				SDKROOT = iphoneos;
				SWIFT_ACTIVE_COMPILATION_CONDITIONS = DEBUG;
				SWIFT_OPTIMIZATION_LEVEL = "-Onone";
			};
			name = Debug;
		};
		21D3D4D924F7B4EA005E7A85 /* Release */ = {
			isa = XCBuildConfiguration;
			buildSettings = {
				ALWAYS_SEARCH_USER_PATHS = NO;
				CLANG_ANALYZER_NONNULL = YES;
				CLANG_ANALYZER_NUMBER_OBJECT_CONVERSION = YES_AGGRESSIVE;
				CLANG_CXX_LANGUAGE_STANDARD = "gnu++14";
				CLANG_CXX_LIBRARY = "libc++";
				CLANG_ENABLE_MODULES = YES;
				CLANG_ENABLE_OBJC_ARC = YES;
				CLANG_ENABLE_OBJC_WEAK = YES;
				CLANG_WARN_BLOCK_CAPTURE_AUTORELEASING = YES;
				CLANG_WARN_BOOL_CONVERSION = YES;
				CLANG_WARN_COMMA = YES;
				CLANG_WARN_CONSTANT_CONVERSION = YES;
				CLANG_WARN_DEPRECATED_OBJC_IMPLEMENTATIONS = YES;
				CLANG_WARN_DIRECT_OBJC_ISA_USAGE = YES_ERROR;
				CLANG_WARN_DOCUMENTATION_COMMENTS = YES;
				CLANG_WARN_EMPTY_BODY = YES;
				CLANG_WARN_ENUM_CONVERSION = YES;
				CLANG_WARN_INFINITE_RECURSION = YES;
				CLANG_WARN_INT_CONVERSION = YES;
				CLANG_WARN_NON_LITERAL_NULL_CONVERSION = YES;
				CLANG_WARN_OBJC_IMPLICIT_RETAIN_SELF = YES;
				CLANG_WARN_OBJC_LITERAL_CONVERSION = YES;
				CLANG_WARN_OBJC_ROOT_CLASS = YES_ERROR;
				CLANG_WARN_RANGE_LOOP_ANALYSIS = YES;
				CLANG_WARN_STRICT_PROTOTYPES = YES;
				CLANG_WARN_SUSPICIOUS_MOVE = YES;
				CLANG_WARN_UNGUARDED_AVAILABILITY = YES_AGGRESSIVE;
				CLANG_WARN_UNREACHABLE_CODE = YES;
				CLANG_WARN__DUPLICATE_METHOD_MATCH = YES;
				COPY_PHASE_STRIP = NO;
				DEBUG_INFORMATION_FORMAT = "dwarf-with-dsym";
				ENABLE_NS_ASSERTIONS = NO;
				ENABLE_STRICT_OBJC_MSGSEND = YES;
				GCC_C_LANGUAGE_STANDARD = gnu11;
				GCC_NO_COMMON_BLOCKS = YES;
				GCC_WARN_64_TO_32_BIT_CONVERSION = YES;
				GCC_WARN_ABOUT_RETURN_TYPE = YES_ERROR;
				GCC_WARN_UNDECLARED_SELECTOR = YES;
				GCC_WARN_UNINITIALIZED_AUTOS = YES_AGGRESSIVE;
				GCC_WARN_UNUSED_FUNCTION = YES;
				GCC_WARN_UNUSED_VARIABLE = YES;
				IPHONEOS_DEPLOYMENT_TARGET = 13.6;
				MACOSX_DEPLOYMENT_TARGET = 10.15;
				MTL_ENABLE_DEBUG_INFO = NO;
				MTL_FAST_MATH = YES;
				SDKROOT = iphoneos;
				SWIFT_COMPILATION_MODE = wholemodule;
				SWIFT_OPTIMIZATION_LEVEL = "-O";
				VALIDATE_PRODUCT = YES;
			};
			name = Release;
		};
		21D3D4DB24F7B4EA005E7A85 /* Debug */ = {
			isa = XCBuildConfiguration;
			baseConfigurationReference = 636AA8CB4F18A1E2E39A9094 /* Pods-stock_app.debug.xcconfig */;
			buildSettings = {
				ASSETCATALOG_COMPILER_APPICON_NAME = AppIcon;
				CODE_SIGN_STYLE = Automatic;
				DEVELOPMENT_TEAM = AU24ZRJ649;
				INFOPLIST_FILE = stock_app/Info.plist;
				LD_RUNPATH_SEARCH_PATHS = (
					"$(inherited)",
					"@executable_path/Frameworks",
				);
				PRODUCT_BUNDLE_IDENTIFIER = "gommj-Dev.stock-app";
				PRODUCT_NAME = "$(TARGET_NAME)";
				SWIFT_VERSION = 5.0;
				TARGETED_DEVICE_FAMILY = "1,2";
			};
			name = Debug;
		};
		21D3D4DC24F7B4EA005E7A85 /* Release */ = {
			isa = XCBuildConfiguration;
			baseConfigurationReference = F5D8D654412D43E4E6E489B3 /* Pods-stock_app.release.xcconfig */;
			buildSettings = {
				ASSETCATALOG_COMPILER_APPICON_NAME = AppIcon;
				CODE_SIGN_STYLE = Automatic;
				DEVELOPMENT_TEAM = AU24ZRJ649;
				INFOPLIST_FILE = stock_app/Info.plist;
				LD_RUNPATH_SEARCH_PATHS = (
					"$(inherited)",
					"@executable_path/Frameworks",
				);
				PRODUCT_BUNDLE_IDENTIFIER = "gommj-Dev.stock-app";
				PRODUCT_NAME = "$(TARGET_NAME)";
				SWIFT_VERSION = 5.0;
				TARGETED_DEVICE_FAMILY = "1,2";
			};
			name = Release;
		};
		21D3D4DE24F7B4EA005E7A85 /* Debug */ = {
			isa = XCBuildConfiguration;
			baseConfigurationReference = B0E95258F2BFF40AD2B49189 /* Pods-stock_appTests.debug.xcconfig */;
			buildSettings = {
				ALWAYS_EMBED_SWIFT_STANDARD_LIBRARIES = YES;
				BUNDLE_LOADER = "$(TEST_HOST)";
				CODE_SIGN_STYLE = Automatic;
				DEVELOPMENT_TEAM = AU24ZRJ649;
				INFOPLIST_FILE = stock_appTests/Info.plist;
				IPHONEOS_DEPLOYMENT_TARGET = 13.6;
				LD_RUNPATH_SEARCH_PATHS = (
					"$(inherited)",
					"@executable_path/Frameworks",
					"@loader_path/Frameworks",
				);
				PRODUCT_BUNDLE_IDENTIFIER = "gommj-Dev.stock-appTests";
				PRODUCT_NAME = "$(TARGET_NAME)";
				SWIFT_VERSION = 5.0;
				TARGETED_DEVICE_FAMILY = "1,2";
				TEST_HOST = "$(BUILT_PRODUCTS_DIR)/stock_app.app/stock_app";
			};
			name = Debug;
		};
		21D3D4DF24F7B4EA005E7A85 /* Release */ = {
			isa = XCBuildConfiguration;
			baseConfigurationReference = 04BEF6B05AE0630D4E448CDA /* Pods-stock_appTests.release.xcconfig */;
			buildSettings = {
				ALWAYS_EMBED_SWIFT_STANDARD_LIBRARIES = YES;
				BUNDLE_LOADER = "$(TEST_HOST)";
				CODE_SIGN_STYLE = Automatic;
				DEVELOPMENT_TEAM = AU24ZRJ649;
				INFOPLIST_FILE = stock_appTests/Info.plist;
				IPHONEOS_DEPLOYMENT_TARGET = 13.6;
				LD_RUNPATH_SEARCH_PATHS = (
					"$(inherited)",
					"@executable_path/Frameworks",
					"@loader_path/Frameworks",
				);
				PRODUCT_BUNDLE_IDENTIFIER = "gommj-Dev.stock-appTests";
				PRODUCT_NAME = "$(TARGET_NAME)";
				SWIFT_VERSION = 5.0;
				TARGETED_DEVICE_FAMILY = "1,2";
				TEST_HOST = "$(BUILT_PRODUCTS_DIR)/stock_app.app/stock_app";
			};
			name = Release;
		};
		21D3D4E124F7B4EA005E7A85 /* Debug */ = {
			isa = XCBuildConfiguration;
			baseConfigurationReference = BA739BD4AFA52EA106ABAF45 /* Pods-stock_app-stock_appUITests.debug.xcconfig */;
			buildSettings = {
				ALWAYS_EMBED_SWIFT_STANDARD_LIBRARIES = YES;
				CODE_SIGN_STYLE = Automatic;
				DEVELOPMENT_TEAM = AU24ZRJ649;
				INFOPLIST_FILE = stock_appUITests/Info.plist;
				LD_RUNPATH_SEARCH_PATHS = (
					"$(inherited)",
					"@executable_path/Frameworks",
					"@loader_path/Frameworks",
				);
				PRODUCT_BUNDLE_IDENTIFIER = "gommj-Dev.stock-appUITests";
				PRODUCT_NAME = "$(TARGET_NAME)";
				SWIFT_VERSION = 5.0;
				TARGETED_DEVICE_FAMILY = "1,2";
				TEST_TARGET_NAME = stock_app;
			};
			name = Debug;
		};
		21D3D4E224F7B4EA005E7A85 /* Release */ = {
			isa = XCBuildConfiguration;
			baseConfigurationReference = F3820BC2C6FDC84172B4EAED /* Pods-stock_app-stock_appUITests.release.xcconfig */;
			buildSettings = {
				ALWAYS_EMBED_SWIFT_STANDARD_LIBRARIES = YES;
				CODE_SIGN_STYLE = Automatic;
				DEVELOPMENT_TEAM = AU24ZRJ649;
				INFOPLIST_FILE = stock_appUITests/Info.plist;
				LD_RUNPATH_SEARCH_PATHS = (
					"$(inherited)",
					"@executable_path/Frameworks",
					"@loader_path/Frameworks",
				);
				PRODUCT_BUNDLE_IDENTIFIER = "gommj-Dev.stock-appUITests";
				PRODUCT_NAME = "$(TARGET_NAME)";
				SWIFT_VERSION = 5.0;
				TARGETED_DEVICE_FAMILY = "1,2";
				TEST_TARGET_NAME = stock_app;
			};
			name = Release;
		};
/* End XCBuildConfiguration section */

/* Begin XCConfigurationList section */
		21D3D4AB24F7B4E8005E7A85 /* Build configuration list for PBXProject "stock_app" */ = {
			isa = XCConfigurationList;
			buildConfigurations = (
				21D3D4D824F7B4EA005E7A85 /* Debug */,
				21D3D4D924F7B4EA005E7A85 /* Release */,
			);
			defaultConfigurationIsVisible = 0;
			defaultConfigurationName = Release;
		};
		21D3D4DA24F7B4EA005E7A85 /* Build configuration list for PBXNativeTarget "stock_app" */ = {
			isa = XCConfigurationList;
			buildConfigurations = (
				21D3D4DB24F7B4EA005E7A85 /* Debug */,
				21D3D4DC24F7B4EA005E7A85 /* Release */,
			);
			defaultConfigurationIsVisible = 0;
			defaultConfigurationName = Release;
		};
		21D3D4DD24F7B4EA005E7A85 /* Build configuration list for PBXNativeTarget "stock_appTests" */ = {
			isa = XCConfigurationList;
			buildConfigurations = (
				21D3D4DE24F7B4EA005E7A85 /* Debug */,
				21D3D4DF24F7B4EA005E7A85 /* Release */,
			);
			defaultConfigurationIsVisible = 0;
			defaultConfigurationName = Release;
		};
		21D3D4E024F7B4EA005E7A85 /* Build configuration list for PBXNativeTarget "stock_appUITests" */ = {
			isa = XCConfigurationList;
			buildConfigurations = (
				21D3D4E124F7B4EA005E7A85 /* Debug */,
				21D3D4E224F7B4EA005E7A85 /* Release */,
			);
			defaultConfigurationIsVisible = 0;
			defaultConfigurationName = Release;
		};
/* End XCConfigurationList section */
	};
	rootObject = 21D3D4A824F7B4E8005E7A85 /* Project object */;
}
